
Microsoft Visual Studio Solution File, Format Version 12.00
# Visual Studio Version 17
VisualStudioVersion = 17.4.33205.214
MinimumVisualStudioVersion = 10.0.40219.1
Project("{888888A0-9F3D-457C-B088-3A5042F75D52}") = "Sõnastik", "Sõnastik.pyproj", "{233EB552-8A01-486B-A202-06CDE8C95582}"
EndProject
Global
	GlobalSection(SolutionConfigurationPlatforms) = preSolution
		Debug|Any CPU = Debug|Any CPU
		Release|Any CPU = Release|Any CPU
	EndGlobalSection
	GlobalSection(ProjectConfigurationPlatforms) = postSolution
		{233EB552-8A01-486B-A202-06CDE8C95582}.Debug|Any CPU.ActiveCfg = Debug|Any CPU
		{233EB552-8A01-486B-A202-06CDE8C95582}.Release|Any CPU.ActiveCfg = Release|Any CPU
	EndGlobalSection
	GlobalSection(SolutionProperties) = preSolution
		HideSolutionNode = FALSE
	EndGlobalSection
	GlobalSection(ExtensibilityGlobals) = postSolution
		SolutionGuid = {55C1795E-5D69-4803-8451-C9A93036E1CC}
	EndGlobalSection
EndGlobal
